
Microsoft Visual Studio Solution File, Format Version 12.00
# Visual Studio Version 17
VisualStudioVersion = 17.5.33530.505
MinimumVisualStudioVersion = 10.0.40219.1
Project("{FAE04EC0-301F-11D3-BF4B-00C04F79EFBC}") = "PieControls", "PieControls\PieControls.csproj", "{185C8B49-8B72-4138-9F04-9EEB40DDA216}"
EndProject
Project("{FAE04EC0-301F-11D3-BF4B-00C04F79EFBC}") = "PieControlsDemo", "PieControlsDemo\PieControlsDemo.csproj", "{815142C5-D8E0-47DE-9204-4F26760F98AD}"
EndProject
Global
	GlobalSection(SolutionConfigurationPlatforms) = preSolution
		Debug|Any CPU = Debug|Any CPU
		Release|Any CPU = Release|Any CPU
	EndGlobalSection
	GlobalSection(ProjectConfigurationPlatforms) = postSolution
		{185C8B49-8B72-4138-9F04-9EEB40DDA216}.Debug|Any CPU.ActiveCfg = Debug|Any CPU
		{185C8B49-8B72-4138-9F04-9EEB40DDA216}.Debug|Any CPU.Build.0 = Debug|Any CPU
		{185C8B49-8B72-4138-9F04-9EEB40DDA216}.Release|Any CPU.ActiveCfg = Release|Any CPU
		{185C8B49-8B72-4138-9F04-9EEB40DDA216}.Release|Any CPU.Build.0 = Release|Any CPU
		{815142C5-D8E0-47DE-9204-4F26760F98AD}.Debug|Any CPU.ActiveCfg = Debug|Any CPU
		{815142C5-D8E0-47DE-9204-4F26760F98AD}.Debug|Any CPU.Build.0 = Debug|Any CPU
		{815142C5-D8E0-47DE-9204-4F26760F98AD}.Release|Any CPU.ActiveCfg = Release|Any CPU
		{815142C5-D8E0-47DE-9204-4F26760F98AD}.Release|Any CPU.Build.0 = Release|Any CPU
	EndGlobalSection
	GlobalSection(SolutionProperties) = preSolution
		HideSolutionNode = FALSE
	EndGlobalSection
	GlobalSection(ExtensibilityGlobals) = postSolution
		SolutionGuid = {8C20B910-32ED-4F85-A8E3-CCED70A66992}
	EndGlobalSection
EndGlobal
